
Microsoft Visual Studio Solution File, Format Version 12.00
# Visual Studio Version 17
VisualStudioVersion = 17.0.31903.59
MinimumVisualStudioVersion = 10.0.40219.1
Project("{2150E333-8FDC-42A3-9474-1A3956D46DE8}") = "src", "src", "{827E0CD3-B72D-47B6-A68D-7590B98EB39B}"
EndProject
Project("{FAE04EC0-301F-11D3-BF4B-00C04F79EFBC}") = "RaidDebrief.Plugin", "src\RaidDebrief.Plugin\RaidDebrief.Plugin.csproj", "{9A79C396-D21A-44B9-8117-C32B7154A66B}"
EndProject
Project("{FAE04EC0-301F-11D3-BF4B-00C04F79EFBC}") = "RaidDebrief.Core", "src\RaidDebrief.Core\RaidDebrief.Core.csproj", "{237CC664-A014-4904-96A6-0A8913061220}"
EndProject
Project("{2150E333-8FDC-42A3-9474-1A3956D46DE8}") = "tests", "tests", "{0AB3BF05-4346-4AA6-1389-037BE0695223}"
EndProject
Project("{FAE04EC0-301F-11D3-BF4B-00C04F79EFBC}") = "RaidDebrief.Core.Tests", "tests\RaidDebrief.Core.Tests\RaidDebrief.Core.Tests.csproj", "{0FCFA5DD-02F4-4B32-A15D-017A8AE5747C}"
EndProject
Project("{FAE04EC0-301F-11D3-BF4B-00C04F79EFBC}") = "RaidDebrief.Plugin.Tests", "tests\RaidDebrief.Plugin.Tests\RaidDebrief.Plugin.Tests.csproj", "{ECEFC0B3-C5E9-4575-99A4-F8AA4E2E8334}"
EndProject
Project("{FAE04EC0-301F-11D3-BF4B-00C04F79EFBC}") = "RaidDebrief.UI", "src\RaidDebrief.UI\RaidDebrief.UI.csproj", "{87881C7D-0C9B-4B33-8D6B-5C601EEC7EAE}"
EndProject
Project("{FAE04EC0-301F-11D3-BF4B-00C04F79EFBC}") = "RaidDebrief.UI.Tests", "tests\RaidDebrief.UI.Tests\RaidDebrief.UI.Tests.csproj", "{88DD6BA5-7C51-4858-A5CD-B545D0F2F4EB}"
EndProject
Project("{FAE04EC0-301F-11D3-BF4B-00C04F79EFBC}") = "RaidDebrief.Offline", "src\RaidDebrief.Offline\RaidDebrief.Offline.csproj", "{4C58E2A8-CC92-48D2-82A9-5303FA94E33C}"
EndProject
Global
	GlobalSection(SolutionConfigurationPlatforms) = preSolution
		Debug|Any CPU = Debug|Any CPU
		Debug|x64 = Debug|x64
		Debug|x86 = Debug|x86
		Release|Any CPU = Release|Any CPU
		Release|x64 = Release|x64
		Release|x86 = Release|x86
	EndGlobalSection
	GlobalSection(ProjectConfigurationPlatforms) = postSolution
		{9A79C396-D21A-44B9-8117-C32B7154A66B}.Debug|Any CPU.ActiveCfg = Debug|x64
		{9A79C396-D21A-44B9-8117-C32B7154A66B}.Debug|Any CPU.Build.0 = Debug|x64
		{9A79C396-D21A-44B9-8117-C32B7154A66B}.Debug|x64.ActiveCfg = Debug|x64
		{9A79C396-D21A-44B9-8117-C32B7154A66B}.Debug|x64.Build.0 = Debug|x64
		{9A79C396-D21A-44B9-8117-C32B7154A66B}.Debug|x86.ActiveCfg = Debug|x64
		{9A79C396-D21A-44B9-8117-C32B7154A66B}.Debug|x86.Build.0 = Debug|x64
		{9A79C396-D21A-44B9-8117-C32B7154A66B}.Release|Any CPU.ActiveCfg = Release|x64
		{9A79C396-D21A-44B9-8117-C32B7154A66B}.Release|Any CPU.Build.0 = Release|x64
		{9A79C396-D21A-44B9-8117-C32B7154A66B}.Release|x64.ActiveCfg = Release|x64
		{9A79C396-D21A-44B9-8117-C32B7154A66B}.Release|x64.Build.0 = Release|x64
		{9A79C396-D21A-44B9-8117-C32B7154A66B}.Release|x86.ActiveCfg = Release|x64
		{9A79C396-D21A-44B9-8117-C32B7154A66B}.Release|x86.Build.0 = Release|x64
		{237CC664-A014-4904-96A6-0A8913061220}.Debug|Any CPU.ActiveCfg = Debug|Any CPU
		{237CC664-A014-4904-96A6-0A8913061220}.Debug|Any CPU.Build.0 = Debug|Any CPU
		{237CC664-A014-4904-96A6-0A8913061220}.Debug|x64.ActiveCfg = Debug|Any CPU
		{237CC664-A014-4904-96A6-0A8913061220}.Debug|x64.Build.0 = Debug|Any CPU
		{237CC664-A014-4904-96A6-0A8913061220}.Debug|x86.ActiveCfg = Debug|Any CPU
		{237CC664-A014-4904-96A6-0A8913061220}.Debug|x86.Build.0 = Debug|Any CPU
		{237CC664-A014-4904-96A6-0A8913061220}.Release|Any CPU.ActiveCfg = Release|Any CPU
		{237CC664-A014-4904-96A6-0A8913061220}.Release|Any CPU.Build.0 = Release|Any CPU
		{237CC664-A014-4904-96A6-0A8913061220}.Release|x64.ActiveCfg = Release|Any CPU
		{237CC664-A014-4904-96A6-0A8913061220}.Release|x64.Build.0 = Release|Any CPU
		{237CC664-A014-4904-96A6-0A8913061220}.Release|x86.ActiveCfg = Release|Any CPU
		{237CC664-A014-4904-96A6-0A8913061220}.Release|x86.Build.0 = Release|Any CPU
		{0FCFA5DD-02F4-4B32-A15D-017A8AE5747C}.Debug|Any CPU.ActiveCfg = Debug|Any CPU
		{0FCFA5DD-02F4-4B32-A15D-017A8AE5747C}.Debug|Any CPU.Build.0 = Debug|Any CPU
		{0FCFA5DD-02F4-4B32-A15D-017A8AE5747C}.Debug|x64.ActiveCfg = Debug|Any CPU
		{0FCFA5DD-02F4-4B32-A15D-017A8AE5747C}.Debug|x64.Build.0 = Debug|Any CPU
		{0FCFA5DD-02F4-4B32-A15D-017A8AE5747C}.Debug|x86.ActiveCfg = Debug|Any CPU
		{0FCFA5DD-02F4-4B32-A15D-017A8AE5747C}.Debug|x86.Build.0 = Debug|Any CPU
		{0FCFA5DD-02F4-4B32-A15D-017A8AE5747C}.Release|Any CPU.ActiveCfg = Release|Any CPU
		{0FCFA5DD-02F4-4B32-A15D-017A8AE5747C}.Release|Any CPU.Build.0 = Release|Any CPU
		{0FCFA5DD-02F4-4B32-A15D-017A8AE5747C}.Release|x64.ActiveCfg = Release|Any CPU
		{0FCFA5DD-02F4-4B32-A15D-017A8AE5747C}.Release|x64.Build.0 = Release|Any CPU
		{0FCFA5DD-02F4-4B32-A15D-017A8AE5747C}.Release|x86.ActiveCfg = Release|Any CPU
		{0FCFA5DD-02F4-4B32-A15D-017A8AE5747C}.Release|x86.Build.0 = Release|Any CPU
		{ECEFC0B3-C5E9-4575-99A4-F8AA4E2E8334}.Debug|Any CPU.ActiveCfg = Debug|Any CPU
		{ECEFC0B3-C5E9-4575-99A4-F8AA4E2E8334}.Debug|Any CPU.Build.0 = Debug|Any CPU
		{ECEFC0B3-C5E9-4575-99A4-F8AA4E2E8334}.Debug|x64.ActiveCfg = Debug|Any CPU
		{ECEFC0B3-C5E9-4575-99A4-F8AA4E2E8334}.Debug|x64.Build.0 = Debug|Any CPU
		{ECEFC0B3-C5E9-4575-99A4-F8AA4E2E8334}.Debug|x86.ActiveCfg = Debug|Any CPU
		{ECEFC0B3-C5E9-4575-99A4-F8AA4E2E8334}.Debug|x86.Build.0 = Debug|Any CPU
		{ECEFC0B3-C5E9-4575-99A4-F8AA4E2E8334}.Release|Any CPU.ActiveCfg = Release|Any CPU
		{ECEFC0B3-C5E9-4575-99A4-F8AA4E2E8334}.Release|Any CPU.Build.0 = Release|Any CPU
		{ECEFC0B3-C5E9-4575-99A4-F8AA4E2E8334}.Release|x64.ActiveCfg = Release|Any CPU
		{ECEFC0B3-C5E9-4575-99A4-F8AA4E2E8334}.Release|x64.Build.0 = Release|Any CPU
		{ECEFC0B3-C5E9-4575-99A4-F8AA4E2E8334}.Release|x86.ActiveCfg = Release|Any CPU
		{ECEFC0B3-C5E9-4575-99A4-F8AA4E2E8334}.Release|x86.Build.0 = Release|Any CPU
		{87881C7D-0C9B-4B33-8D6B-5C601EEC7EAE}.Debug|Any CPU.ActiveCfg = Debug|Any CPU
		{87881C7D-0C9B-4B33-8D6B-5C601EEC7EAE}.Debug|Any CPU.Build.0 = Debug|Any CPU
		{87881C7D-0C9B-4B33-8D6B-5C601EEC7EAE}.Debug|x64.ActiveCfg = Debug|Any CPU
		{87881C7D-0C9B-4B33-8D6B-5C601EEC7EAE}.Debug|x64.Build.0 = Debug|Any CPU
		{87881C7D-0C9B-4B33-8D6B-5C601EEC7EAE}.Debug|x86.ActiveCfg = Debug|Any CPU
		{87881C7D-0C9B-4B33-8D6B-5C601EEC7EAE}.Debug|x86.Build.0 = Debug|Any CPU
		{87881C7D-0C9B-4B33-8D6B-5C601EEC7EAE}.Release|Any CPU.ActiveCfg = Release|Any CPU
		{87881C7D-0C9B-4B33-8D6B-5C601EEC7EAE}.Release|Any CPU.Build.0 = Release|Any CPU
		{87881C7D-0C9B-4B33-8D6B-5C601EEC7EAE}.Release|x64.ActiveCfg = Release|Any CPU
		{87881C7D-0C9B-4B33-8D6B-5C601EEC7EAE}.Release|x64.Build.0 = Release|Any CPU
		{87881C7D-0C9B-4B33-8D6B-5C601EEC7EAE}.Release|x86.ActiveCfg = Release|Any CPU
		{87881C7D-0C9B-4B33-8D6B-5C601EEC7EAE}.Release|x86.Build.0 = Release|Any CPU
		{88DD6BA5-7C51-4858-A5CD-B545D0F2F4EB}.Debug|Any CPU.ActiveCfg = Debug|Any CPU
		{88DD6BA5-7C51-4858-A5CD-B545D0F2F4EB}.Debug|Any CPU.Build.0 = Debug|Any CPU
		{88DD6BA5-7C51-4858-A5CD-B545D0F2F4EB}.Debug|x64.ActiveCfg = Debug|Any CPU
		{88DD6BA5-7C51-4858-A5CD-B545D0F2F4EB}.Debug|x64.Build.0 = Debug|Any CPU
		{88DD6BA5-7C51-4858-A5CD-B545D0F2F4EB}.Debug|x86.ActiveCfg = Debug|Any CPU
		{88DD6BA5-7C51-4858-A5CD-B545D0F2F4EB}.Debug|x86.Build.0 = Debug|Any CPU
		{88DD6BA5-7C51-4858-A5CD-B545D0F2F4EB}.Release|Any CPU.ActiveCfg = Release|Any CPU
		{88DD6BA5-7C51-4858-A5CD-B545D0F2F4EB}.Release|Any CPU.Build.0 = Release|Any CPU
		{88DD6BA5-7C51-4858-A5CD-B545D0F2F4EB}.Release|x64.ActiveCfg = Release|Any CPU
		{88DD6BA5-7C51-4858-A5CD-B545D0F2F4EB}.Release|x64.Build.0 = Release|Any CPU
		{88DD6BA5-7C51-4858-A5CD-B545D0F2F4EB}.Release|x86.ActiveCfg = Release|Any CPU
		{88DD6BA5-7C51-4858-A5CD-B545D0F2F4EB}.Release|x86.Build.0 = Release|Any CPU
		{4C58E2A8-CC92-48D2-82A9-5303FA94E33C}.Debug|Any CPU.ActiveCfg = Debug|Any CPU
		{4C58E2A8-CC92-48D2-82A9-5303FA94E33C}.Debug|Any CPU.Build.0 = Debug|Any CPU
		{4C58E2A8-CC92-48D2-82A9-5303FA94E33C}.Debug|x64.ActiveCfg = Debug|Any CPU
		{4C58E2A8-CC92-48D2-82A9-5303FA94E33C}.Debug|x64.Build.0 = Debug|Any CPU
		{4C58E2A8-CC92-48D2-82A9-5303FA94E33C}.Debug|x86.ActiveCfg = Debug|Any CPU
		{4C58E2A8-CC92-48D2-82A9-5303FA94E33C}.Debug|x86.Build.0 = Debug|Any CPU
		{4C58E2A8-CC92-48D2-82A9-5303FA94E33C}.Release|Any CPU.ActiveCfg = Release|Any CPU
		{4C58E2A8-CC92-48D2-82A9-5303FA94E33C}.Release|Any CPU.Build.0 = Release|Any CPU
		{4C58E2A8-CC92-48D2-82A9-5303FA94E33C}.Release|x64.ActiveCfg = Release|Any CPU
		{4C58E2A8-CC92-48D2-82A9-5303FA94E33C}.Release|x64.Build.0 = Release|Any CPU
		{4C58E2A8-CC92-48D2-82A9-5303FA94E33C}.Release|x86.ActiveCfg = Release|Any CPU
		{4C58E2A8-CC92-48D2-82A9-5303FA94E33C}.Release|x86.Build.0 = Release|Any CPU
	EndGlobalSection
	GlobalSection(SolutionProperties) = preSolution
		HideSolutionNode = FALSE
	EndGlobalSection
	GlobalSection(NestedProjects) = preSolution
		{9A79C396-D21A-44B9-8117-C32B7154A66B} = {827E0CD3-B72D-47B6-A68D-7590B98EB39B}
		{237CC664-A014-4904-96A6-0A8913061220} = {827E0CD3-B72D-47B6-A68D-7590B98EB39B}
		{0FCFA5DD-02F4-4B32-A15D-017A8AE5747C} = {0AB3BF05-4346-4AA6-1389-037BE0695223}
		{ECEFC0B3-C5E9-4575-99A4-F8AA4E2E8334} = {0AB3BF05-4346-4AA6-1389-037BE0695223}
		{87881C7D-0C9B-4B33-8D6B-5C601EEC7EAE} = {827E0CD3-B72D-47B6-A68D-7590B98EB39B}
		{88DD6BA5-7C51-4858-A5CD-B545D0F2F4EB} = {0AB3BF05-4346-4AA6-1389-037BE0695223}
		{4C58E2A8-CC92-48D2-82A9-5303FA94E33C} = {827E0CD3-B72D-47B6-A68D-7590B98EB39B}
	EndGlobalSection
EndGlobal
